// !$*UTF8*$!
{
	archiveVersion = 1;
	classes = {
	};
	objectVersion = 46;
	objects = {

/* Begin PBXBuildFile section */
		49748F5519182A2E00738BC9 /* libOCMock.a in Frameworks */ = {isa = PBXBuildFile; fileRef = 49748F4B191829A400738BC9 /* libOCMock.a */; };
		4977D08F191AC01300AC621F /* libSimplify.a in Frameworks */ = {isa = PBXBuildFile; fileRef = 4977D088191ABFE200AC621F /* libSimplify.a */; };
		4977D092191AC04700AC621F /* Simplify.bundle in Resources */ = {isa = PBXBuildFile; fileRef = 4977D08C191ABFE200AC621F /* Simplify.bundle */; };
		7ED9E9F31917E2930082C2C3 /* Foundation.framework in Frameworks */ = {isa = PBXBuildFile; fileRef = 7ED9E9F21917E2930082C2C3 /* Foundation.framework */; };
		7ED9E9F51917E2930082C2C3 /* CoreGraphics.framework in Frameworks */ = {isa = PBXBuildFile; fileRef = 7ED9E9F41917E2930082C2C3 /* CoreGraphics.framework */; };
		7ED9E9F71917E2930082C2C3 /* UIKit.framework in Frameworks */ = {isa = PBXBuildFile; fileRef = 7ED9E9F61917E2930082C2C3 /* UIKit.framework */; };
		7ED9E9FD1917E2930082C2C3 /* InfoPlist.strings in Resources */ = {isa = PBXBuildFile; fileRef = 7ED9E9FB1917E2930082C2C3 /* InfoPlist.strings */; };
		7ED9E9FF1917E2930082C2C3 /* main.m in Sources */ = {isa = PBXBuildFile; fileRef = 7ED9E9FE1917E2930082C2C3 /* main.m */; };
		7ED9EA031917E2930082C2C3 /* SIMAppDelegate.m in Sources */ = {isa = PBXBuildFile; fileRef = 7ED9EA021917E2930082C2C3 /* SIMAppDelegate.m */; };
		7ED9EA051917E2930082C2C3 /* Images.xcassets in Resources */ = {isa = PBXBuildFile; fileRef = 7ED9EA041917E2930082C2C3 /* Images.xcassets */; };
		7ED9EA0C1917E2930082C2C3 /* XCTest.framework in Frameworks */ = {isa = PBXBuildFile; fileRef = 7ED9EA0B1917E2930082C2C3 /* XCTest.framework */; };
		7ED9EA0D1917E2930082C2C3 /* Foundation.framework in Frameworks */ = {isa = PBXBuildFile; fileRef = 7ED9E9F21917E2930082C2C3 /* Foundation.framework */; };
		7ED9EA0E1917E2930082C2C3 /* UIKit.framework in Frameworks */ = {isa = PBXBuildFile; fileRef = 7ED9E9F61917E2930082C2C3 /* UIKit.framework */; };
		7ED9EA161917E2930082C2C3 /* InfoPlist.strings in Resources */ = {isa = PBXBuildFile; fileRef = 7ED9EA141917E2930082C2C3 /* InfoPlist.strings */; };
		7ED9EA25191817870082C2C3 /* TokenStoryboard.storyboard in Resources */ = {isa = PBXBuildFile; fileRef = 7ED9EA24191817870082C2C3 /* TokenStoryboard.storyboard */; };
		7ED9EA5A191820820082C2C3 /* SIMRetrieveTokenModel.m in Sources */ = {isa = PBXBuildFile; fileRef = 7ED9EA57191820820082C2C3 /* SIMRetrieveTokenModel.m */; };
		7ED9EA5B191820820082C2C3 /* SIMRetrieveTokenViewController.m in Sources */ = {isa = PBXBuildFile; fileRef = 7ED9EA59191820820082C2C3 /* SIMRetrieveTokenViewController.m */; };
		7ED9EA5D191820880082C2C3 /* SIMRetrieveTokenModelTests.m in Sources */ = {isa = PBXBuildFile; fileRef = 7ED9EA5C191820880082C2C3 /* SIMRetrieveTokenModelTests.m */; };
/* End PBXBuildFile section */

/* Begin PBXContainerItemProxy section */
		4977D087191ABFE200AC621F /* PBXContainerItemProxy */ = {
			isa = PBXContainerItemProxy;
			containerPortal = 4977D080191ABFE200AC621F /* SimplifyMerchantSDK.xcodeproj */;
			proxyType = 2;
			remoteGlobalIDString = 49748F5F191849C600738BC9;
			remoteInfo = Simplify;
		};
		4977D089191ABFE200AC621F /* PBXContainerItemProxy */ = {
			isa = PBXContainerItemProxy;
			containerPortal = 4977D080191ABFE200AC621F /* SimplifyMerchantSDK.xcodeproj */;
			proxyType = 2;
			remoteGlobalIDString = 49748F6F191849C600738BC9;
			remoteInfo = SimplifyMerchantSDKTests;
		};
		4977D08B191ABFE200AC621F /* PBXContainerItemProxy */ = {
			isa = PBXContainerItemProxy;
			containerPortal = 4977D080191ABFE200AC621F /* SimplifyMerchantSDK.xcodeproj */;
			proxyType = 2;
			remoteGlobalIDString = 4977D05D191AB89C00AC621F;
			remoteInfo = SimplifyResources;
		};
		4977D08D191ABFFF00AC621F /* PBXContainerItemProxy */ = {
			isa = PBXContainerItemProxy;
			containerPortal = 4977D080191ABFE200AC621F /* SimplifyMerchantSDK.xcodeproj */;
			proxyType = 1;
			remoteGlobalIDString = 49748F5E191849C600738BC9;
			remoteInfo = Simplify;
		};
		4977D090191AC02600AC621F /* PBXContainerItemProxy */ = {
			isa = PBXContainerItemProxy;
			containerPortal = 4977D080191ABFE200AC621F /* SimplifyMerchantSDK.xcodeproj */;
			proxyType = 1;
			remoteGlobalIDString = 4977D05C191AB89C00AC621F;
			remoteInfo = SimplifyResources;
		};
		7ED9EA0F1917E2930082C2C3 /* PBXContainerItemProxy */ = {
			isa = PBXContainerItemProxy;
			containerPortal = 7ED9E9E71917E2930082C2C3 /* Project object */;
			proxyType = 1;
			remoteGlobalIDString = 7ED9E9EE1917E2930082C2C3;
			remoteInfo = SimplifyiOSSDK;
		};
/* End PBXContainerItemProxy section */

/* Begin PBXFileReference section */
		49748F4B191829A400738BC9 /* libOCMock.a */ = {isa = PBXFileReference; lastKnownFileType = archive.ar; name = libOCMock.a; path = ocmock/libOCMock.a; sourceTree = "<group>"; };
		49748F4D191829A400738BC9 /* NSNotificationCenter+OCMAdditions.h */ = {isa = PBXFileReference; fileEncoding = 4; lastKnownFileType = sourcecode.c.h; path = "NSNotificationCenter+OCMAdditions.h"; sourceTree = "<group>"; };
		49748F4E191829A400738BC9 /* OCMArg.h */ = {isa = PBXFileReference; fileEncoding = 4; lastKnownFileType = sourcecode.c.h; path = OCMArg.h; sourceTree = "<group>"; };
		49748F4F191829A400738BC9 /* OCMConstraint.h */ = {isa = PBXFileReference; fileEncoding = 4; lastKnownFileType = sourcecode.c.h; path = OCMConstraint.h; sourceTree = "<group>"; };
		49748F50191829A400738BC9 /* OCMock.h */ = {isa = PBXFileReference; fileEncoding = 4; lastKnownFileType = sourcecode.c.h; path = OCMock.h; sourceTree = "<group>"; };
		49748F51191829A400738BC9 /* OCMockObject.h */ = {isa = PBXFileReference; fileEncoding = 4; lastKnownFileType = sourcecode.c.h; path = OCMockObject.h; sourceTree = "<group>"; };
		49748F52191829A400738BC9 /* OCMockRecorder.h */ = {isa = PBXFileReference; fileEncoding = 4; lastKnownFileType = sourcecode.c.h; path = OCMockRecorder.h; sourceTree = "<group>"; };
		4977D080191ABFE200AC621F /* SimplifyMerchantSDK.xcodeproj */ = {isa = PBXFileReference; lastKnownFileType = "wrapper.pb-project"; name = SimplifyMerchantSDK.xcodeproj; path = ../SimplifyMerchantSDK/SimplifyMerchantSDK.xcodeproj; sourceTree = "<group>"; };
		7ED9E9EF1917E2930082C2C3 /* SimplifySDKSampleApp.app */ = {isa = PBXFileReference; explicitFileType = wrapper.application; includeInIndex = 0; path = SimplifySDKSampleApp.app; sourceTree = BUILT_PRODUCTS_DIR; };
		7ED9E9F21917E2930082C2C3 /* Foundation.framework */ = {isa = PBXFileReference; lastKnownFileType = wrapper.framework; name = Foundation.framework; path = System/Library/Frameworks/Foundation.framework; sourceTree = SDKROOT; };
		7ED9E9F41917E2930082C2C3 /* CoreGraphics.framework */ = {isa = PBXFileReference; lastKnownFileType = wrapper.framework; name = CoreGraphics.framework; path = System/Library/Frameworks/CoreGraphics.framework; sourceTree = SDKROOT; };
		7ED9E9F61917E2930082C2C3 /* UIKit.framework */ = {isa = PBXFileReference; lastKnownFileType = wrapper.framework; name = UIKit.framework; path = System/Library/Frameworks/UIKit.framework; sourceTree = SDKROOT; };
		7ED9E9FA1917E2930082C2C3 /* SimplifySDKSampleApp-Info.plist */ = {isa = PBXFileReference; lastKnownFileType = text.plist.xml; path = "SimplifySDKSampleApp-Info.plist"; sourceTree = "<group>"; };
		7ED9E9FC1917E2930082C2C3 /* en */ = {isa = PBXFileReference; lastKnownFileType = text.plist.strings; name = en; path = en.lproj/InfoPlist.strings; sourceTree = "<group>"; };
		7ED9E9FE1917E2930082C2C3 /* main.m */ = {isa = PBXFileReference; lastKnownFileType = sourcecode.c.objc; path = main.m; sourceTree = "<group>"; };
		7ED9EA001917E2930082C2C3 /* SimplifySDKSampleApp-Prefix.pch */ = {isa = PBXFileReference; lastKnownFileType = sourcecode.c.h; path = "SimplifySDKSampleApp-Prefix.pch"; sourceTree = "<group>"; };
		7ED9EA011917E2930082C2C3 /* SIMAppDelegate.h */ = {isa = PBXFileReference; lastKnownFileType = sourcecode.c.h; path = SIMAppDelegate.h; sourceTree = "<group>"; };
		7ED9EA021917E2930082C2C3 /* SIMAppDelegate.m */ = {isa = PBXFileReference; lastKnownFileType = sourcecode.c.objc; path = SIMAppDelegate.m; sourceTree = "<group>"; };
		7ED9EA041917E2930082C2C3 /* Images.xcassets */ = {isa = PBXFileReference; lastKnownFileType = folder.assetcatalog; path = Images.xcassets; sourceTree = "<group>"; };
		7ED9EA0A1917E2930082C2C3 /* SimplifySDKSampleAppTests.xctest */ = {isa = PBXFileReference; explicitFileType = wrapper.cfbundle; includeInIndex = 0; path = SimplifySDKSampleAppTests.xctest; sourceTree = BUILT_PRODUCTS_DIR; };
		7ED9EA0B1917E2930082C2C3 /* XCTest.framework */ = {isa = PBXFileReference; lastKnownFileType = wrapper.framework; name = XCTest.framework; path = Library/Frameworks/XCTest.framework; sourceTree = DEVELOPER_DIR; };
		7ED9EA131917E2930082C2C3 /* SimplifySDKSampleAppTests-Info.plist */ = {isa = PBXFileReference; lastKnownFileType = text.plist.xml; path = "SimplifySDKSampleAppTests-Info.plist"; sourceTree = "<group>"; };
		7ED9EA151917E2930082C2C3 /* en */ = {isa = PBXFileReference; lastKnownFileType = text.plist.strings; name = en; path = en.lproj/InfoPlist.strings; sourceTree = "<group>"; };
		7ED9EA24191817870082C2C3 /* TokenStoryboard.storyboard */ = {isa = PBXFileReference; fileEncoding = 4; lastKnownFileType = file.storyboard; path = TokenStoryboard.storyboard; sourceTree = "<group>"; };
		7ED9EA37191818F30082C2C3 /* SimplifySDKSampleAppTests-Prefix.pch */ = {isa = PBXFileReference; fileEncoding = 4; lastKnownFileType = sourcecode.c.h; path = "SimplifySDKSampleAppTests-Prefix.pch"; sourceTree = "<group>"; };
		7ED9EA56191820820082C2C3 /* SIMRetrieveTokenModel.h */ = {isa = PBXFileReference; fileEncoding = 4; lastKnownFileType = sourcecode.c.h; name = SIMRetrieveTokenModel.h; path = SimplifySDKSampleApp/SIMRetrieveTokenModel.h; sourceTree = "<group>"; };
		7ED9EA57191820820082C2C3 /* SIMRetrieveTokenModel.m */ = {isa = PBXFileReference; fileEncoding = 4; lastKnownFileType = sourcecode.c.objc; name = SIMRetrieveTokenModel.m; path = SimplifySDKSampleApp/SIMRetrieveTokenModel.m; sourceTree = "<group>"; };
		7ED9EA58191820820082C2C3 /* SIMRetrieveTokenViewController.h */ = {isa = PBXFileReference; fileEncoding = 4; lastKnownFileType = sourcecode.c.h; name = SIMRetrieveTokenViewController.h; path = SimplifySDKSampleApp/SIMRetrieveTokenViewController.h; sourceTree = "<group>"; };
		7ED9EA59191820820082C2C3 /* SIMRetrieveTokenViewController.m */ = {isa = PBXFileReference; fileEncoding = 4; lastKnownFileType = sourcecode.c.objc; name = SIMRetrieveTokenViewController.m; path = SimplifySDKSampleApp/SIMRetrieveTokenViewController.m; sourceTree = "<group>"; };
		7ED9EA5C191820880082C2C3 /* SIMRetrieveTokenModelTests.m */ = {isa = PBXFileReference; fileEncoding = 4; lastKnownFileType = sourcecode.c.objc; name = SIMRetrieveTokenModelTests.m; path = SimplifySDKSampleApp/SIMRetrieveTokenModelTests.m; sourceTree = "<group>"; };
/* End PBXFileReference section */

/* Begin PBXFrameworksBuildPhase section */
		7ED9E9EC1917E2930082C2C3 /* Frameworks */ = {
			isa = PBXFrameworksBuildPhase;
			buildActionMask = 2147483647;
			files = (
				4977D08F191AC01300AC621F /* libSimplify.a in Frameworks */,
				7ED9E9F51917E2930082C2C3 /* CoreGraphics.framework in Frameworks */,
				7ED9E9F71917E2930082C2C3 /* UIKit.framework in Frameworks */,
				7ED9E9F31917E2930082C2C3 /* Foundation.framework in Frameworks */,
			);
			runOnlyForDeploymentPostprocessing = 0;
		};
		7ED9EA071917E2930082C2C3 /* Frameworks */ = {
			isa = PBXFrameworksBuildPhase;
			buildActionMask = 2147483647;
			files = (
				49748F5519182A2E00738BC9 /* libOCMock.a in Frameworks */,
				7ED9EA0C1917E2930082C2C3 /* XCTest.framework in Frameworks */,
				7ED9EA0E1917E2930082C2C3 /* UIKit.framework in Frameworks */,
				7ED9EA0D1917E2930082C2C3 /* Foundation.framework in Frameworks */,
			);
			runOnlyForDeploymentPostprocessing = 0;
		};
/* End PBXFrameworksBuildPhase section */

/* Begin PBXGroup section */
		49748F4A191829A400738BC9 /* ocmock */ = {
			isa = PBXGroup;
			children = (
				49748F4B191829A400738BC9 /* libOCMock.a */,
				49748F4C191829A400738BC9 /* OCMock */,
			);
			name = ocmock;
			path = ../vendor;
			sourceTree = "<group>";
		};
		49748F4C191829A400738BC9 /* OCMock */ = {
			isa = PBXGroup;
			children = (
				49748F4D191829A400738BC9 /* NSNotificationCenter+OCMAdditions.h */,
				49748F4E191829A400738BC9 /* OCMArg.h */,
				49748F4F191829A400738BC9 /* OCMConstraint.h */,
				49748F50191829A400738BC9 /* OCMock.h */,
				49748F51191829A400738BC9 /* OCMockObject.h */,
				49748F52191829A400738BC9 /* OCMockRecorder.h */,
			);
			name = OCMock;
			path = ocmock/OCMock;
			sourceTree = "<group>";
		};
		4977D081191ABFE200AC621F /* Products */ = {
			isa = PBXGroup;
			children = (
				4977D088191ABFE200AC621F /* libSimplify.a */,
				4977D08A191ABFE200AC621F /* SimplifyMerchantSDKTests.xctest */,
				4977D08C191ABFE200AC621F /* Simplify.bundle */,
			);
			name = Products;
			sourceTree = "<group>";
		};
		7ED9E9E61917E2930082C2C3 = {
			isa = PBXGroup;
			children = (
				7ED9E9F81917E2930082C2C3 /* SimplifySDKSampleApp */,
				7ED9EA111917E2930082C2C3 /* SimplifySDKSampleAppTests */,
				7ED9E9F11917E2930082C2C3 /* Frameworks */,
				7ED9E9F01917E2930082C2C3 /* Products */,
			);
			sourceTree = "<group>";
		};
		7ED9E9F01917E2930082C2C3 /* Products */ = {
			isa = PBXGroup;
			children = (
				7ED9E9EF1917E2930082C2C3 /* SimplifySDKSampleApp.app */,
				7ED9EA0A1917E2930082C2C3 /* SimplifySDKSampleAppTests.xctest */,
			);
			name = Products;
			sourceTree = "<group>";
		};
		7ED9E9F11917E2930082C2C3 /* Frameworks */ = {
			isa = PBXGroup;
			children = (
				4977D080191ABFE200AC621F /* SimplifyMerchantSDK.xcodeproj */,
				49748F4A191829A400738BC9 /* ocmock */,
				7ED9E9F21917E2930082C2C3 /* Foundation.framework */,
				7ED9E9F41917E2930082C2C3 /* CoreGraphics.framework */,
				7ED9E9F61917E2930082C2C3 /* UIKit.framework */,
				7ED9EA0B1917E2930082C2C3 /* XCTest.framework */,
			);
			name = Frameworks;
			sourceTree = "<group>";
		};
		7ED9E9F81917E2930082C2C3 /* SimplifySDKSampleApp */ = {
			isa = PBXGroup;
			children = (
				7ED9EA2E191818110082C2C3 /* Checkout */,
				7ED9EA011917E2930082C2C3 /* SIMAppDelegate.h */,
				7ED9EA021917E2930082C2C3 /* SIMAppDelegate.m */,
				7ED9EA041917E2930082C2C3 /* Images.xcassets */,
				7ED9E9F91917E2930082C2C3 /* Supporting Files */,
				7ED9EA24191817870082C2C3 /* TokenStoryboard.storyboard */,
			);
			path = SimplifySDKSampleApp;
			sourceTree = "<group>";
		};
		7ED9E9F91917E2930082C2C3 /* Supporting Files */ = {
			isa = PBXGroup;
			children = (
				7ED9E9FA1917E2930082C2C3 /* SimplifySDKSampleApp-Info.plist */,
				7ED9E9FB1917E2930082C2C3 /* InfoPlist.strings */,
				7ED9E9FE1917E2930082C2C3 /* main.m */,
				7ED9EA001917E2930082C2C3 /* SimplifySDKSampleApp-Prefix.pch */,
			);
			name = "Supporting Files";
			sourceTree = "<group>";
		};
		7ED9EA111917E2930082C2C3 /* SimplifySDKSampleAppTests */ = {
			isa = PBXGroup;
			children = (
				7ED9EA121917E2930082C2C3 /* Supporting Files */,
			);
			path = SimplifySDKSampleAppTests;
			sourceTree = "<group>";
		};
		7ED9EA121917E2930082C2C3 /* Supporting Files */ = {
			isa = PBXGroup;
			children = (
				7ED9EA37191818F30082C2C3 /* SimplifySDKSampleAppTests-Prefix.pch */,
				7ED9EA131917E2930082C2C3 /* SimplifySDKSampleAppTests-Info.plist */,
				7ED9EA141917E2930082C2C3 /* InfoPlist.strings */,
			);
			name = "Supporting Files";
			sourceTree = "<group>";
		};
		7ED9EA2E191818110082C2C3 /* Checkout */ = {
			isa = PBXGroup;
			children = (
				7ED9EA5C191820880082C2C3 /* SIMRetrieveTokenModelTests.m */,
				7ED9EA56191820820082C2C3 /* SIMRetrieveTokenModel.h */,
				7ED9EA57191820820082C2C3 /* SIMRetrieveTokenModel.m */,
				7ED9EA58191820820082C2C3 /* SIMRetrieveTokenViewController.h */,
				7ED9EA59191820820082C2C3 /* SIMRetrieveTokenViewController.m */,
			);
			name = Checkout;
			path = ..;
			sourceTree = "<group>";
		};
/* End PBXGroup section */

/* Begin PBXNativeTarget section */
		7ED9E9EE1917E2930082C2C3 /* SimplifySDKSampleApp */ = {
			isa = PBXNativeTarget;
			buildConfigurationList = 7ED9EA1B1917E2930082C2C3 /* Build configuration list for PBXNativeTarget "SimplifySDKSampleApp" */;
			buildPhases = (
				7ED9E9EB1917E2930082C2C3 /* Sources */,
				7ED9E9EC1917E2930082C2C3 /* Frameworks */,
				7ED9E9ED1917E2930082C2C3 /* Resources */,
			);
			buildRules = (
			);
			dependencies = (
				4977D091191AC02600AC621F /* PBXTargetDependency */,
				4977D08E191ABFFF00AC621F /* PBXTargetDependency */,
			);
			name = SimplifySDKSampleApp;
			productName = SimplifyiOSSDK;
			productReference = 7ED9E9EF1917E2930082C2C3 /* SimplifySDKSampleApp.app */;
			productType = "com.apple.product-type.application";
		};
		7ED9EA091917E2930082C2C3 /* SimplifySDKSampleAppTests */ = {
			isa = PBXNativeTarget;
			buildConfigurationList = 7ED9EA1E1917E2930082C2C3 /* Build configuration list for PBXNativeTarget "SimplifySDKSampleAppTests" */;
			buildPhases = (
				7ED9EA061917E2930082C2C3 /* Sources */,
				7ED9EA071917E2930082C2C3 /* Frameworks */,
				7ED9EA081917E2930082C2C3 /* Resources */,
			);
			buildRules = (
			);
			dependencies = (
				7ED9EA101917E2930082C2C3 /* PBXTargetDependency */,
			);
			name = SimplifySDKSampleAppTests;
			productName = SimplifyiOSSDKTests;
			productReference = 7ED9EA0A1917E2930082C2C3 /* SimplifySDKSampleAppTests.xctest */;
			productType = "com.apple.product-type.bundle.unit-test";
		};
/* End PBXNativeTarget section */

/* Begin PBXProject section */
		7ED9E9E71917E2930082C2C3 /* Project object */ = {
			isa = PBXProject;
			attributes = {
				CLASSPREFIX = SIM;
				LastUpgradeCheck = 0510;
				ORGANIZATIONNAME = MasterCard;
				TargetAttributes = {
					7ED9EA091917E2930082C2C3 = {
						TestTargetID = 7ED9E9EE1917E2930082C2C3;
					};
				};
			};
			buildConfigurationList = 7ED9E9EA1917E2930082C2C3 /* Build configuration list for PBXProject "SimplifySDKSampleApp" */;
			compatibilityVersion = "Xcode 3.2";
			developmentRegion = English;
			hasScannedForEncodings = 0;
			knownRegions = (
				en,
			);
			mainGroup = 7ED9E9E61917E2930082C2C3;
			productRefGroup = 7ED9E9F01917E2930082C2C3 /* Products */;
			projectDirPath = "";
			projectReferences = (
				{
					ProductGroup = 4977D081191ABFE200AC621F /* Products */;
					ProjectRef = 4977D080191ABFE200AC621F /* SimplifyMerchantSDK.xcodeproj */;
				},
			);
			projectRoot = "";
			targets = (
				7ED9E9EE1917E2930082C2C3 /* SimplifySDKSampleApp */,
				7ED9EA091917E2930082C2C3 /* SimplifySDKSampleAppTests */,
			);
		};
/* End PBXProject section */

/* Begin PBXReferenceProxy section */
		4977D088191ABFE200AC621F /* libSimplify.a */ = {
			isa = PBXReferenceProxy;
			fileType = archive.ar;
			path = libSimplify.a;
			remoteRef = 4977D087191ABFE200AC621F /* PBXContainerItemProxy */;
			sourceTree = BUILT_PRODUCTS_DIR;
		};
		4977D08A191ABFE200AC621F /* SimplifyMerchantSDKTests.xctest */ = {
			isa = PBXReferenceProxy;
			fileType = wrapper.cfbundle;
			path = SimplifyMerchantSDKTests.xctest;
			remoteRef = 4977D089191ABFE200AC621F /* PBXContainerItemProxy */;
			sourceTree = BUILT_PRODUCTS_DIR;
		};
		4977D08C191ABFE200AC621F /* Simplify.bundle */ = {
			isa = PBXReferenceProxy;
			fileType = wrapper.cfbundle;
			path = Simplify.bundle;
			remoteRef = 4977D08B191ABFE200AC621F /* PBXContainerItemProxy */;
			sourceTree = BUILT_PRODUCTS_DIR;
		};
/* End PBXReferenceProxy section */

/* Begin PBXResourcesBuildPhase section */
		7ED9E9ED1917E2930082C2C3 /* Resources */ = {
			isa = PBXResourcesBuildPhase;
			buildActionMask = 2147483647;
			files = (
				7ED9E9FD1917E2930082C2C3 /* InfoPlist.strings in Resources */,
				7ED9EA051917E2930082C2C3 /* Images.xcassets in Resources */,
				7ED9EA25191817870082C2C3 /* TokenStoryboard.storyboard in Resources */,
				4977D092191AC04700AC621F /* Simplify.bundle in Resources */,
			);
			runOnlyForDeploymentPostprocessing = 0;
		};
		7ED9EA081917E2930082C2C3 /* Resources */ = {
			isa = PBXResourcesBuildPhase;
			buildActionMask = 2147483647;
			files = (
				7ED9EA161917E2930082C2C3 /* InfoPlist.strings in Resources */,
			);
			runOnlyForDeploymentPostprocessing = 0;
		};
/* End PBXResourcesBuildPhase section */

/* Begin PBXSourcesBuildPhase section */
		7ED9E9EB1917E2930082C2C3 /* Sources */ = {
			isa = PBXSourcesBuildPhase;
			buildActionMask = 2147483647;
			files = (
				7ED9EA5A191820820082C2C3 /* SIMRetrieveTokenModel.m in Sources */,
				7ED9EA031917E2930082C2C3 /* SIMAppDelegate.m in Sources */,
				7ED9EA5B191820820082C2C3 /* SIMRetrieveTokenViewController.m in Sources */,
				7ED9E9FF1917E2930082C2C3 /* main.m in Sources */,
			);
			runOnlyForDeploymentPostprocessing = 0;
		};
		7ED9EA061917E2930082C2C3 /* Sources */ = {
			isa = PBXSourcesBuildPhase;
			buildActionMask = 2147483647;
			files = (
				7ED9EA5D191820880082C2C3 /* SIMRetrieveTokenModelTests.m in Sources */,
			);
			runOnlyForDeploymentPostprocessing = 0;
		};
/* End PBXSourcesBuildPhase section */

/* Begin PBXTargetDependency section */
		4977D08E191ABFFF00AC621F /* PBXTargetDependency */ = {
			isa = PBXTargetDependency;
			name = Simplify;
			targetProxy = 4977D08D191ABFFF00AC621F /* PBXContainerItemProxy */;
		};
		4977D091191AC02600AC621F /* PBXTargetDependency */ = {
			isa = PBXTargetDependency;
			name = SimplifyResources;
			targetProxy = 4977D090191AC02600AC621F /* PBXContainerItemProxy */;
		};
		7ED9EA101917E2930082C2C3 /* PBXTargetDependency */ = {
			isa = PBXTargetDependency;
			target = 7ED9E9EE1917E2930082C2C3 /* SimplifySDKSampleApp */;
			targetProxy = 7ED9EA0F1917E2930082C2C3 /* PBXContainerItemProxy */;
		};
/* End PBXTargetDependency section */

/* Begin PBXVariantGroup section */
		7ED9E9FB1917E2930082C2C3 /* InfoPlist.strings */ = {
			isa = PBXVariantGroup;
			children = (
				7ED9E9FC1917E2930082C2C3 /* en */,
			);
			name = InfoPlist.strings;
			sourceTree = "<group>";
		};
		7ED9EA141917E2930082C2C3 /* InfoPlist.strings */ = {
			isa = PBXVariantGroup;
			children = (
				7ED9EA151917E2930082C2C3 /* en */,
			);
			name = InfoPlist.strings;
			sourceTree = "<group>";
		};
/* End PBXVariantGroup section */

/* Begin XCBuildConfiguration section */
		7ED9EA191917E2930082C2C3 /* Debug */ = {
			isa = XCBuildConfiguration;
			buildSettings = {
				ALWAYS_SEARCH_USER_PATHS = NO;
				CLANG_CXX_LANGUAGE_STANDARD = "gnu++0x";
				CLANG_CXX_LIBRARY = "libc++";
				CLANG_ENABLE_MODULES = YES;
				CLANG_ENABLE_OBJC_ARC = YES;
				CLANG_WARN_BOOL_CONVERSION = YES;
				CLANG_WARN_CONSTANT_CONVERSION = YES;
				CLANG_WARN_DIRECT_OBJC_ISA_USAGE = YES_ERROR;
				CLANG_WARN_EMPTY_BODY = YES;
				CLANG_WARN_ENUM_CONVERSION = YES;
				CLANG_WARN_INT_CONVERSION = YES;
				CLANG_WARN_OBJC_ROOT_CLASS = YES_ERROR;
				CLANG_WARN__DUPLICATE_METHOD_MATCH = YES;
				"CODE_SIGN_IDENTITY[sdk=iphoneos*]" = "iPhone Developer";
				COPY_PHASE_STRIP = NO;
				GCC_C_LANGUAGE_STANDARD = gnu99;
				GCC_DYNAMIC_NO_PIC = NO;
				GCC_OPTIMIZATION_LEVEL = 0;
				GCC_PREPROCESSOR_DEFINITIONS = (
					"DEBUG=1",
					"$(inherited)",
				);
				GCC_SYMBOLS_PRIVATE_EXTERN = NO;
				GCC_WARN_64_TO_32_BIT_CONVERSION = YES;
				GCC_WARN_ABOUT_RETURN_TYPE = YES_ERROR;
				GCC_WARN_UNDECLARED_SELECTOR = YES;
				GCC_WARN_UNINITIALIZED_AUTOS = YES_AGGRESSIVE;
				GCC_WARN_UNUSED_FUNCTION = YES;
				GCC_WARN_UNUSED_VARIABLE = YES;
				IPHONEOS_DEPLOYMENT_TARGET = 7.1;
				ONLY_ACTIVE_ARCH = YES;
				SDKROOT = iphoneos;
				TARGETED_DEVICE_FAMILY = "1,2";
			};
			name = Debug;
		};
		7ED9EA1A1917E2930082C2C3 /* Release */ = {
			isa = XCBuildConfiguration;
			buildSettings = {
				ALWAYS_SEARCH_USER_PATHS = NO;
				CLANG_CXX_LANGUAGE_STANDARD = "gnu++0x";
				CLANG_CXX_LIBRARY = "libc++";
				CLANG_ENABLE_MODULES = YES;
				CLANG_ENABLE_OBJC_ARC = YES;
				CLANG_WARN_BOOL_CONVERSION = YES;
				CLANG_WARN_CONSTANT_CONVERSION = YES;
				CLANG_WARN_DIRECT_OBJC_ISA_USAGE = YES_ERROR;
				CLANG_WARN_EMPTY_BODY = YES;
				CLANG_WARN_ENUM_CONVERSION = YES;
				CLANG_WARN_INT_CONVERSION = YES;
				CLANG_WARN_OBJC_ROOT_CLASS = YES_ERROR;
				CLANG_WARN__DUPLICATE_METHOD_MATCH = YES;
				"CODE_SIGN_IDENTITY[sdk=iphoneos*]" = "iPhone Developer";
				COPY_PHASE_STRIP = YES;
				ENABLE_NS_ASSERTIONS = NO;
				GCC_C_LANGUAGE_STANDARD = gnu99;
				GCC_WARN_64_TO_32_BIT_CONVERSION = YES;
				GCC_WARN_ABOUT_RETURN_TYPE = YES_ERROR;
				GCC_WARN_UNDECLARED_SELECTOR = YES;
				GCC_WARN_UNINITIALIZED_AUTOS = YES_AGGRESSIVE;
				GCC_WARN_UNUSED_FUNCTION = YES;
				GCC_WARN_UNUSED_VARIABLE = YES;
				IPHONEOS_DEPLOYMENT_TARGET = 7.1;
				SDKROOT = iphoneos;
				TARGETED_DEVICE_FAMILY = "1,2";
				VALIDATE_PRODUCT = YES;
			};
			name = Release;
		};
		7ED9EA1C1917E2930082C2C3 /* Debug */ = {
			isa = XCBuildConfiguration;
			buildSettings = {
				ASSETCATALOG_COMPILER_APPICON_NAME = AppIcon;
				ASSETCATALOG_COMPILER_LAUNCHIMAGE_NAME = LaunchImage;
				GCC_PRECOMPILE_PREFIX_HEADER = YES;
				GCC_PREFIX_HEADER = "SimplifySDKSampleApp/SimplifySDKSampleApp-Prefix.pch";
				HEADER_SEARCH_PATHS = (
					"$(inherited)",
					/Applications/Xcode.app/Contents/Developer/Toolchains/XcodeDefault.xctoolchain/usr/include,
					"${BUILT_PRODUCTS_DIR}/${PRODUCT_NAME}.framework/Versions/A/Headers",
				);
				INFOPLIST_FILE = "SimplifySDKSampleApp/SimplifySDKSampleApp-Info.plist";
				LIBRARY_SEARCH_PATHS = (
					"$(inherited)",
					"$(",
				);
				OTHER_LDFLAGS = "-ObjC";
				PRODUCT_NAME = SimplifySDKSampleApp;
				WRAPPER_EXTENSION = app;
			};
			name = Debug;
		};
		7ED9EA1D1917E2930082C2C3 /* Release */ = {
			isa = XCBuildConfiguration;
			buildSettings = {
				ASSETCATALOG_COMPILER_APPICON_NAME = AppIcon;
				ASSETCATALOG_COMPILER_LAUNCHIMAGE_NAME = LaunchImage;
				GCC_PRECOMPILE_PREFIX_HEADER = YES;
				GCC_PREFIX_HEADER = "SimplifySDKSampleApp/SimplifySDKSampleApp-Prefix.pch";
				HEADER_SEARCH_PATHS = (
					"$(inherited)",
					/Applications/Xcode.app/Contents/Developer/Toolchains/XcodeDefault.xctoolchain/usr/include,
					"${BUILT_PRODUCTS_DIR}/${PRODUCT_NAME}.framework/Versions/A/Headers",
				);
				INFOPLIST_FILE = "SimplifySDKSampleApp/SimplifySDKSampleApp-Info.plist";
				LIBRARY_SEARCH_PATHS = (
					"$(inherited)",
					"$(",
				);
				OTHER_LDFLAGS = "-ObjC";
				PRODUCT_NAME = SimplifySDKSampleApp;
				WRAPPER_EXTENSION = app;
			};
			name = Release;
		};
		7ED9EA1F1917E2930082C2C3 /* Debug */ = {
			isa = XCBuildConfiguration;
			buildSettings = {
				BUNDLE_LOADER = "$(BUILT_PRODUCTS_DIR)/SimplifySDKSampleApp.app/SimplifySDKSampleApp";
				FRAMEWORK_SEARCH_PATHS = (
					"$(SDKROOT)/Developer/Library/Frameworks",
					"$(inherited)",
					"$(DEVELOPER_FRAMEWORKS_DIR)",
				);
				GCC_PRECOMPILE_PREFIX_HEADER = YES;
				GCC_PREFIX_HEADER = "SimplifySDKSampleAppTests/SimplifySDKSampleAppTests-Prefix.pch";
				GCC_PREPROCESSOR_DEFINITIONS = (
					"DEBUG=1",
					"$(inherited)",
				);
				HEADER_SEARCH_PATHS = (
					"$(inherited)",
					/Applications/Xcode.app/Contents/Developer/Toolchains/XcodeDefault.xctoolchain/usr/include,
					"$(SRCROOT)/../vendor/ocmock",
				);
				INFOPLIST_FILE = "SimplifySDKSampleAppTests/SimplifySDKSampleAppTests-Info.plist";
				LIBRARY_SEARCH_PATHS = (
					"$(inherited)",
					"$(SRCROOT)/../vendor/ocmock",
				);
				OTHER_LDFLAGS = (
					"$(inherited)",
					"-framework",
					XCTest,
					"-ObjC",
					"-all_load",
				);
				PRODUCT_NAME = SimplifySDKSampleAppTests;
				TEST_HOST = "$(BUNDLE_LOADER)";
				WRAPPER_EXTENSION = xctest;
			};
			name = Debug;
		};
		7ED9EA201917E2930082C2C3 /* Release */ = {
			isa = XCBuildConfiguration;
			buildSettings = {
				BUNDLE_LOADER = "$(BUILT_PRODUCTS_DIR)/SimplifySDKSampleApp.app/SimplifySDKSampleApp";
				FRAMEWORK_SEARCH_PATHS = (
					"$(SDKROOT)/Developer/Library/Frameworks",
					"$(inherited)",
					"$(DEVELOPER_FRAMEWORKS_DIR)",
				);
				GCC_PRECOMPILE_PREFIX_HEADER = YES;
				GCC_PREFIX_HEADER = "SimplifySDKSampleAppTests/SimplifySDKSampleAppTests-Prefix.pch";
				HEADER_SEARCH_PATHS = (
					"$(inherited)",
					/Applications/Xcode.app/Contents/Developer/Toolchains/XcodeDefault.xctoolchain/usr/include,
					"$(SRCROOT)/../vendor/ocmock",
				);
				INFOPLIST_FILE = "SimplifySDKSampleTests/SimplifySDKSampleAppTests-Info.plist";
				LIBRARY_SEARCH_PATHS = (
					"$(inherited)",
					"$(SRCROOT)/../vendor/ocmock",
				);
				OTHER_LDFLAGS = (
					"$(inherited)",
					"-framework",
					XCTest,
					"-ObjC",
					"-all_load",
				);
				PRODUCT_NAME = SimplifySDKSampleAppTests;
				TEST_HOST = "$(BUNDLE_LOADER)";
				WRAPPER_EXTENSION = xctest;
			};
			name = Release;
		};
/* End XCBuildConfiguration section */

/* Begin XCConfigurationList section */
		7ED9E9EA1917E2930082C2C3 /* Build configuration list for PBXProject "SimplifySDKSampleApp" */ = {
			isa = XCConfigurationList;
			buildConfigurations = (
				7ED9EA191917E2930082C2C3 /* Debug */,
				7ED9EA1A1917E2930082C2C3 /* Release */,
			);
			defaultConfigurationIsVisible = 0;
			defaultConfigurationName = Release;
		};
		7ED9EA1B1917E2930082C2C3 /* Build configuration list for PBXNativeTarget "SimplifySDKSampleApp" */ = {
			isa = XCConfigurationList;
			buildConfigurations = (
				7ED9EA1C1917E2930082C2C3 /* Debug */,
				7ED9EA1D1917E2930082C2C3 /* Release */,
			);
			defaultConfigurationIsVisible = 0;
			defaultConfigurationName = Release;
		};
		7ED9EA1E1917E2930082C2C3 /* Build configuration list for PBXNativeTarget "SimplifySDKSampleAppTests" */ = {
			isa = XCConfigurationList;
			buildConfigurations = (
				7ED9EA1F1917E2930082C2C3 /* Debug */,
				7ED9EA201917E2930082C2C3 /* Release */,
			);
			defaultConfigurationIsVisible = 0;
			defaultConfigurationName = Release;
		};
/* End XCConfigurationList section */
	};
	rootObject = 7ED9E9E71917E2930082C2C3 /* Project object */;
}
